
Microsoft Visual Studio Solution File, Format Version 12.00
# Visual Studio Version 17
VisualStudioVersion = 17.13.35931.197 d17.13
MinimumVisualStudioVersion = 10.0.40219.1
Project("{FAE04EC0-301F-11D3-BF4B-00C04F79EFBC}") = "CV Site", "CV Site\CV Site.csproj", "{FAB7D6DF-0B85-4E01-A05B-8C49F06F9D87}"
EndProject
Project("{FAE04EC0-301F-11D3-BF4B-00C04F79EFBC}") = "Services", "Services\Services.csproj", "{D00D81BE-C897-4CD6-BBD6-94B24B2681DA}"
EndProject
Project("{FAE04EC0-301F-11D3-BF4B-00C04F79EFBC}") = "Core", "Core\Core.csproj", "{A26FE740-12C8-4961-A9D3-1FC765A1BCE3}"
EndProject
Global
	GlobalSection(SolutionConfigurationPlatforms) = preSolution
		Debug|Any CPU = Debug|Any CPU
		Release|Any CPU = Release|Any CPU
	EndGlobalSection
	GlobalSection(ProjectConfigurationPlatforms) = postSolution
		{FAB7D6DF-0B85-4E01-A05B-8C49F06F9D87}.Debug|Any CPU.ActiveCfg = Debug|Any CPU
		{FAB7D6DF-0B85-4E01-A05B-8C49F06F9D87}.Debug|Any CPU.Build.0 = Debug|Any CPU
		{FAB7D6DF-0B85-4E01-A05B-8C49F06F9D87}.Release|Any CPU.ActiveCfg = Release|Any CPU
		{FAB7D6DF-0B85-4E01-A05B-8C49F06F9D87}.Release|Any CPU.Build.0 = Release|Any CPU
		{D00D81BE-C897-4CD6-BBD6-94B24B2681DA}.Debug|Any CPU.ActiveCfg = Debug|Any CPU
		{D00D81BE-C897-4CD6-BBD6-94B24B2681DA}.Debug|Any CPU.Build.0 = Debug|Any CPU
		{D00D81BE-C897-4CD6-BBD6-94B24B2681DA}.Release|Any CPU.ActiveCfg = Release|Any CPU
		{D00D81BE-C897-4CD6-BBD6-94B24B2681DA}.Release|Any CPU.Build.0 = Release|Any CPU
		{A26FE740-12C8-4961-A9D3-1FC765A1BCE3}.Debug|Any CPU.ActiveCfg = Debug|Any CPU
		{A26FE740-12C8-4961-A9D3-1FC765A1BCE3}.Debug|Any CPU.Build.0 = Debug|Any CPU
		{A26FE740-12C8-4961-A9D3-1FC765A1BCE3}.Release|Any CPU.ActiveCfg = Release|Any CPU
		{A26FE740-12C8-4961-A9D3-1FC765A1BCE3}.Release|Any CPU.Build.0 = Release|Any CPU
	EndGlobalSection
	GlobalSection(SolutionProperties) = preSolution
		HideSolutionNode = FALSE
	EndGlobalSection
	GlobalSection(ExtensibilityGlobals) = postSolution
		SolutionGuid = {46F5C81D-22FD-4900-AA12-1EB5ADE9C56C}
	EndGlobalSection
EndGlobal
