
Microsoft Visual Studio Solution File, Format Version 12.00
# Visual Studio Version 17
VisualStudioVersion = 17.13.35931.197 d17.13
MinimumVisualStudioVersion = 10.0.40219.1
Project("{FAE04EC0-301F-11D3-BF4B-00C04F79EFBC}") = "GitHub.API", "CV Site\GitHub.API.csproj", "{F04C561D-A92F-4474-AC41-D1FFAEC0C456}"
EndProject
Project("{FAE04EC0-301F-11D3-BF4B-00C04F79EFBC}") = "GitHub.services", "Services\GitHub.services.csproj", "{D5644CB7-C108-4B08-821A-02A322AD89BB}"
EndProject
Global
	GlobalSection(SolutionConfigurationPlatforms) = preSolution
		Debug|Any CPU = Debug|Any CPU
		Release|Any CPU = Release|Any CPU
	EndGlobalSection
	GlobalSection(ProjectConfigurationPlatforms) = postSolution
		{F04C561D-A92F-4474-AC41-D1FFAEC0C456}.Debug|Any CPU.ActiveCfg = Debug|Any CPU
		{F04C561D-A92F-4474-AC41-D1FFAEC0C456}.Debug|Any CPU.Build.0 = Debug|Any CPU
		{F04C561D-A92F-4474-AC41-D1FFAEC0C456}.Release|Any CPU.ActiveCfg = Release|Any CPU
		{F04C561D-A92F-4474-AC41-D1FFAEC0C456}.Release|Any CPU.Build.0 = Release|Any CPU
		{D5644CB7-C108-4B08-821A-02A322AD89BB}.Debug|Any CPU.ActiveCfg = Debug|Any CPU
		{D5644CB7-C108-4B08-821A-02A322AD89BB}.Debug|Any CPU.Build.0 = Debug|Any CPU
		{D5644CB7-C108-4B08-821A-02A322AD89BB}.Release|Any CPU.ActiveCfg = Release|Any CPU
		{D5644CB7-C108-4B08-821A-02A322AD89BB}.Release|Any CPU.Build.0 = Release|Any CPU
	EndGlobalSection
	GlobalSection(SolutionProperties) = preSolution
		HideSolutionNode = FALSE
	EndGlobalSection
	GlobalSection(ExtensibilityGlobals) = postSolution
		SolutionGuid = {E2A7CCE6-123D-47C1-A8A4-F5820F45C614}
	EndGlobalSection
EndGlobal
